Microsoft Visual Studio Solution File, Format Version 12.00
# Visual Studio Version 17
VisualStudioVersion = 17.6.33815.320
MinimumVisualStudioVersion = 10.0.40219.1
Project("{8BC9CEB8-8B4A-11D0-8D11-00A0C91BC942}") = "RibbonFrame", "RibbonFrame\RibbonFrame.vcxproj", "{05D8A51A-C02D-38AE-A75B-DF7F4DFED005}"
EndProject
Project("{8BC9CEB8-8B4A-11D0-8D11-00A0C91BC942}") = "StylePlugin", "StylePlugin\StylePlugin.vcxproj", "{8C1AA109-30B8-3E79-915C-096322575688}"
EndProject
Project("{8BC9CEB8-8B4A-11D0-8D11-00A0C91BC942}") = "TestModule", "TestModule\TestModule.vcxproj", "{BE4D708C-3DF5-3CB8-B68B-2CBD01E14A88}"
EndProject
Project("{8BC9CEB8-8B4A-11D0-8D11-00A0C91BC942}") = "MainApp", "MainApp\MainApp.vcxproj", "{C067F77A-B22A-3478-83CA-CE72F5F39DD5}"
	ProjectSection(ProjectDependencies) = postProject
		{05D8A51A-C02D-38AE-A75B-DF7F4DFED005} = {05D8A51A-C02D-38AE-A75B-DF7F4DFED005}
	EndProjectSection
EndProject
Project("{8BC9CEB8-8B4A-11D0-8D11-00A0C91BC942}") = "MFCModule", "MFCModule\MFCModule.vcxproj", "{11F17CEA-9F39-40B1-9E04-2382F332265B}"
EndProject
Project("{8BC9CEB8-8B4A-11D0-8D11-00A0C91BC942}") = "OfficeStyleApp", "OfficeStyleApp\OfficeStyleApp.vcxproj", "{BD1003C7-31C1-3A7B-9E19-BFB2BF54AB82}"
EndProject
Project("{8BC9CEB8-8B4A-11D0-8D11-00A0C91BC942}") = "RibbonUiTools", "RibbonUiTools\RibbonUiTools.vcxproj", "{1B3DE00F-D71D-3EC1-BF24-413401F8EF38}"
EndProject
Global
	GlobalSection(SolutionConfigurationPlatforms) = preSolution
		Debug|Win32 = Debug|Win32
		Debug|x64 = Debug|x64
		Release|Win32 = Release|Win32
		Release|x64 = Release|x64
	EndGlobalSection
	GlobalSection(ProjectConfigurationPlatforms) = postSolution
		{05D8A51A-C02D-38AE-A75B-DF7F4DFED005}.Debug|Win32.ActiveCfg = Debug|Win32
		{05D8A51A-C02D-38AE-A75B-DF7F4DFED005}.Debug|Win32.Build.0 = Debug|Win32
		{05D8A51A-C02D-38AE-A75B-DF7F4DFED005}.Debug|x64.ActiveCfg = Debug|x64
		{05D8A51A-C02D-38AE-A75B-DF7F4DFED005}.Debug|x64.Build.0 = Debug|x64
		{05D8A51A-C02D-38AE-A75B-DF7F4DFED005}.Release|Win32.ActiveCfg = Release|Win32
		{05D8A51A-C02D-38AE-A75B-DF7F4DFED005}.Release|Win32.Build.0 = Release|Win32
		{05D8A51A-C02D-38AE-A75B-DF7F4DFED005}.Release|x64.ActiveCfg = Release|x64
		{05D8A51A-C02D-38AE-A75B-DF7F4DFED005}.Release|x64.Build.0 = Release|x64
		{8C1AA109-30B8-3E79-915C-096322575688}.Debug|Win32.ActiveCfg = Debug|Win32
		{8C1AA109-30B8-3E79-915C-096322575688}.Debug|Win32.Build.0 = Debug|Win32
		{8C1AA109-30B8-3E79-915C-096322575688}.Debug|x64.ActiveCfg = Debug|x64
		{8C1AA109-30B8-3E79-915C-096322575688}.Debug|x64.Build.0 = Debug|x64
		{8C1AA109-30B8-3E79-915C-096322575688}.Release|Win32.ActiveCfg = Release|Win32
		{8C1AA109-30B8-3E79-915C-096322575688}.Release|Win32.Build.0 = Release|Win32
		{8C1AA109-30B8-3E79-915C-096322575688}.Release|x64.ActiveCfg = Release|x64
		{8C1AA109-30B8-3E79-915C-096322575688}.Release|x64.Build.0 = Release|x64
		{BE4D708C-3DF5-3CB8-B68B-2CBD01E14A88}.Debug|Win32.ActiveCfg = Debug|Win32
		{BE4D708C-3DF5-3CB8-B68B-2CBD01E14A88}.Debug|Win32.Build.0 = Debug|Win32
		{BE4D708C-3DF5-3CB8-B68B-2CBD01E14A88}.Debug|x64.ActiveCfg = Debug|x64
		{BE4D708C-3DF5-3CB8-B68B-2CBD01E14A88}.Debug|x64.Build.0 = Debug|x64
		{BE4D708C-3DF5-3CB8-B68B-2CBD01E14A88}.Release|Win32.ActiveCfg = Release|Win32
		{BE4D708C-3DF5-3CB8-B68B-2CBD01E14A88}.Release|Win32.Build.0 = Release|Win32
		{BE4D708C-3DF5-3CB8-B68B-2CBD01E14A88}.Release|x64.ActiveCfg = Release|x64
		{BE4D708C-3DF5-3CB8-B68B-2CBD01E14A88}.Release|x64.Build.0 = Release|x64
		{C067F77A-B22A-3478-83CA-CE72F5F39DD5}.Debug|Win32.ActiveCfg = Debug|Win32
		{C067F77A-B22A-3478-83CA-CE72F5F39DD5}.Debug|Win32.Build.0 = Debug|Win32
		{C067F77A-B22A-3478-83CA-CE72F5F39DD5}.Debug|x64.ActiveCfg = Debug|x64
		{C067F77A-B22A-3478-83CA-CE72F5F39DD5}.Debug|x64.Build.0 = Debug|x64
		{C067F77A-B22A-3478-83CA-CE72F5F39DD5}.Release|Win32.ActiveCfg = Release|Win32
		{C067F77A-B22A-3478-83CA-CE72F5F39DD5}.Release|Win32.Build.0 = Release|Win32
		{C067F77A-B22A-3478-83CA-CE72F5F39DD5}.Release|x64.ActiveCfg = Release|x64
		{C067F77A-B22A-3478-83CA-CE72F5F39DD5}.Release|x64.Build.0 = Release|x64
		{11F17CEA-9F39-40B1-9E04-2382F332265B}.Debug|Win32.ActiveCfg = Debug|Win32
		{11F17CEA-9F39-40B1-9E04-2382F332265B}.Debug|Win32.Build.0 = Debug|Win32
		{11F17CEA-9F39-40B1-9E04-2382F332265B}.Debug|x64.ActiveCfg = Debug|x64
		{11F17CEA-9F39-40B1-9E04-2382F332265B}.Debug|x64.Build.0 = Debug|x64
		{11F17CEA-9F39-40B1-9E04-2382F332265B}.Release|Win32.ActiveCfg = Release|Win32
		{11F17CEA-9F39-40B1-9E04-2382F332265B}.Release|Win32.Build.0 = Release|Win32
		{11F17CEA-9F39-40B1-9E04-2382F332265B}.Release|x64.ActiveCfg = Release|x64
		{11F17CEA-9F39-40B1-9E04-2382F332265B}.Release|x64.Build.0 = Release|x64
		{BD1003C7-31C1-3A7B-9E19-BFB2BF54AB82}.Debug|Win32.ActiveCfg = Debug|Win32
		{BD1003C7-31C1-3A7B-9E19-BFB2BF54AB82}.Debug|Win32.Build.0 = Debug|Win32
		{BD1003C7-31C1-3A7B-9E19-BFB2BF54AB82}.Debug|x64.ActiveCfg = Debug|x64
		{BD1003C7-31C1-3A7B-9E19-BFB2BF54AB82}.Debug|x64.Build.0 = Debug|x64
		{BD1003C7-31C1-3A7B-9E19-BFB2BF54AB82}.Release|Win32.ActiveCfg = Release|Win32
		{BD1003C7-31C1-3A7B-9E19-BFB2BF54AB82}.Release|Win32.Build.0 = Release|Win32
		{BD1003C7-31C1-3A7B-9E19-BFB2BF54AB82}.Release|x64.ActiveCfg = Release|x64
		{BD1003C7-31C1-3A7B-9E19-BFB2BF54AB82}.Release|x64.Build.0 = Release|x64
		{1B3DE00F-D71D-3EC1-BF24-413401F8EF38}.Debug|Win32.ActiveCfg = Debug|Win32
		{1B3DE00F-D71D-3EC1-BF24-413401F8EF38}.Debug|Win32.Build.0 = Debug|Win32
		{1B3DE00F-D71D-3EC1-BF24-413401F8EF38}.Debug|x64.ActiveCfg = Debug|x64
		{1B3DE00F-D71D-3EC1-BF24-413401F8EF38}.Debug|x64.Build.0 = Debug|x64
		{1B3DE00F-D71D-3EC1-BF24-413401F8EF38}.Release|Win32.ActiveCfg = Release|Win32
		{1B3DE00F-D71D-3EC1-BF24-413401F8EF38}.Release|Win32.Build.0 = Release|Win32
		{1B3DE00F-D71D-3EC1-BF24-413401F8EF38}.Release|x64.ActiveCfg = Release|x64
		{1B3DE00F-D71D-3EC1-BF24-413401F8EF38}.Release|x64.Build.0 = Release|x64
	EndGlobalSection
	GlobalSection(SolutionProperties) = preSolution
		HideSolutionNode = FALSE
	EndGlobalSection
	GlobalSection(ExtensibilityGlobals) = postSolution
		SolutionGuid = {014E547D-F1C7-4F8D-8D41-32F48D0A5B9E}
		Qt5Version = 5.15.2_msvc2019_64
	EndGlobalSection
EndGlobal
