<?xml version="1.0" encoding="utf-8"?>
<Project xmlns="http://schemas.microsoft.com/developer/msbuild/2003">
  <ItemGroup>
    <Filter Include="Generated Files">
      <UniqueIdentifier>{71ED8ED8-ACB9-4CE9-BBE1-E00B30144E11}</UniqueIdentifier>
      <Extensions>cpp;c;cxx;moc;h;def;odl;idl;res;</Extensions>
    </Filter>
    <Filter Include="Generated Files">
      <UniqueIdentifier>{71ED8ED8-ACB9-4CE9-BBE1-E00B30144E11}</UniqueIdentifier>
      <Extensions>cpp;c;cxx;moc;h;def;odl;idl;res;</Extensions>
    </Filter>
    <Filter Include="Header Files">
      <UniqueIdentifier>{93995380-89BD-4b04-88EB-625FBE52EBFB}</UniqueIdentifier>
      <Extensions>h;hpp;hxx;hm;inl;inc;xsd</Extensions>
    </Filter>
    <Filter Include="Header Files">
      <UniqueIdentifier>{93995380-89BD-4b04-88EB-625FBE52EBFB}</UniqueIdentifier>
      <Extensions>h;hpp;hxx;hm;inl;inc;xsd</Extensions>
    </Filter>
    <Filter Include="Resource Files">
      <UniqueIdentifier>{D9D6E242-F8AF-46E4-B9FD-80ECBC20BA3E}</UniqueIdentifier>
      <Extensions>qrc;*</Extensions>
      <ParseFiles>false</ParseFiles>
    </Filter>
    <Filter Include="Source Files">
      <UniqueIdentifier>{4FC737F1-C7A5-4376-A066-2A32D752A2FF}</UniqueIdentifier>
      <Extensions>cpp;c;cxx;def;odl;idl;hpj;bat;asm;asmx</Extensions>
    </Filter>
    <Filter Include="对话框">
      <UniqueIdentifier>{df46e144-dab8-488e-99bf-e78f8b123d76}</UniqueIdentifier>
    </Filter>
    <Filter Include="对话框\SettingsDialog">
      <UniqueIdentifier>{b15be005-3c6a-4976-a0ab-3d8e249e1e0c}</UniqueIdentifier>
    </Filter>
    <Filter Include="对话框\ModuleManagerDialog">
      <UniqueIdentifier>{7501433e-815d-4420-9622-11ed15633f86}</UniqueIdentifier>
    </Filter>
    <Filter Include="RibbonFrameWindow">
      <UniqueIdentifier>{0cf1f033-c4fc-412c-90bf-b03afd4aa78d}</UniqueIdentifier>
    </Filter>
    <Filter Include="资源文件">
      <UniqueIdentifier>{D9D6E242-F8AF-46E4-B9FD-80ECBC20BA3E}</UniqueIdentifier>
      <Extensions>qrc;*</Extensions>
      <ParseFiles>false</ParseFiles>
    </Filter>
    <Filter Include="RibbonFrameHelper">
      <UniqueIdentifier>{a8790df6-c856-4e28-a753-7ca992ccc628}</UniqueIdentifier>
    </Filter>
    <Filter Include="对话框\NavigateWidget">
      <UniqueIdentifier>{55cdc517-e84e-4de3-92b7-7373a2452072}</UniqueIdentifier>
    </Filter>
    <Filter Include="toolkits">
      <UniqueIdentifier>{d816d486-fa2a-4d64-829b-a2beacd4196a}</UniqueIdentifier>
    </Filter>
    <Filter Include="对话框\TitlebarWidget">
      <UniqueIdentifier>{5fa2ee57-1610-4098-bfbb-3ad7850823bd}</UniqueIdentifier>
    </Filter>
  </ItemGroup>
  <ItemGroup>
    <ClCompile Include="RibbonFrameHelper.cpp">
      <Filter>RibbonFrameHelper</Filter>
    </ClCompile>
    <ClCompile Include="modulemanagerdlg.cpp">
      <Filter>对话框\ModuleManagerDialog</Filter>
    </ClCompile>
    <ClCompile Include="ribbonframewindow.cpp">
      <Filter>RibbonFrameWindow</Filter>
    </ClCompile>
    <ClCompile Include="widgets\navigatewidget.cpp">
      <Filter>对话框\NavigateWidget</Filter>
    </ClCompile>
    <ClCompile Include="settingsdialog.cpp">
      <Filter>对话框\SettingsDialog</Filter>
    </ClCompile>
    <ClCompile Include="toolkits\WinVersionHelper.cpp">
      <Filter>toolkits</Filter>
    </ClCompile>
    <ClCompile Include="widgets\titlebarwidget.cpp">
      <Filter>对话框\TitlebarWidget</Filter>
    </ClCompile>
  </ItemGroup>
  <ItemGroup>
    <ClInclude Include="..\include\mainframe_global.h">
      <Filter>Header Files</Filter>
    </ClInclude>
    <ClInclude Include="..\include\mainframeinterface.h">
      <Filter>Header Files</Filter>
    </ClInclude>
    <ClInclude Include="..\include\moduleinterface.h">
      <Filter>Header Files</Filter>
    </ClInclude>
    <ClInclude Include="resource.h">
      <Filter>Generated Files</Filter>
    </ClInclude>
    <ClInclude Include="RibbonFrameHelper.h">
      <Filter>RibbonFrameHelper</Filter>
    </ClInclude>
    <ClInclude Include="..\include\styleinterface.h">
      <Filter>Header Files</Filter>
    </ClInclude>
    <ClInclude Include="toolkits\WinVersionHelper.h">
      <Filter>toolkits</Filter>
    </ClInclude>
  </ItemGroup>
  <ItemGroup>
    <CustomBuild Include="debug\moc_predefs.h.cbt">
      <Filter>Generated Files</Filter>
    </CustomBuild>
    <CustomBuild Include="release\moc_predefs.h.cbt">
      <Filter>Generated Files</Filter>
    </CustomBuild>
  </ItemGroup>
  <ItemGroup>
    <None Include="res\ribbonOptionBtn.png">
      <Filter>资源文件</Filter>
    </None>
    <QtRcc Include="ribbonframe.qrc">
      <Filter>资源文件</Filter>
    </QtRcc>
  </ItemGroup>
  <ItemGroup>
    <QtUic Include="modulemanagerdlg.ui">
      <Filter>对话框\ModuleManagerDialog</Filter>
    </QtUic>
    <QtUic Include="settingsdialog.ui">
      <Filter>对话框\SettingsDialog</Filter>
    </QtUic>
  </ItemGroup>
  <ItemGroup>
    <QtMoc Include="settingsdialog.h">
      <Filter>对话框\SettingsDialog</Filter>
    </QtMoc>
    <QtMoc Include="modulemanagerdlg.h">
      <Filter>对话框\ModuleManagerDialog</Filter>
    </QtMoc>
    <QtMoc Include="..\include\ribbonframewindow.h">
      <Filter>RibbonFrameWindow</Filter>
    </QtMoc>
    <QtMoc Include="widgets\navigatewidget.h">
      <Filter>对话框\NavigateWidget</Filter>
    </QtMoc>
    <QtMoc Include="widgets\titlebarwidget.h">
      <Filter>对话框\TitlebarWidget</Filter>
    </QtMoc>
  </ItemGroup>
  <ItemGroup>
    <ResourceCompile Include="RibbonFrame.rc">
      <Filter>资源文件</Filter>
    </ResourceCompile>
  </ItemGroup>
</Project>